
Microsoft Visual Studio Solution File, Format Version 12.00
# Visual Studio Version 16
VisualStudioVersion = 16.0.32126.315
MinimumVisualStudioVersion = 10.0.40219.1
Project("{8BC9CEB8-8B4A-11D0-8D11-00A0C91BC942}") = "server", "server\server.vcxproj", "{55B2C155-E460-40EE-B855-4D3380180C36}"
	ProjectSection(ProjectDependencies) = postProject
		{F0FAEC19-C192-49F9-95B0-C6642CBA70F8} = {F0FAEC19-C192-49F9-95B0-C6642CBA70F8}
		{E3FCE87B-3BEB-4E57-9EA5-7815CDABF257} = {E3FCE87B-3BEB-4E57-9EA5-7815CDABF257}
	EndProjectSection
EndProject
Project("{8BC9CEB8-8B4A-11D0-8D11-00A0C91BC942}") = "logs", "logs\logs.vcxproj", "{F0FAEC19-C192-49F9-95B0-C6642CBA70F8}"
	ProjectSection(ProjectDependencies) = postProject
		{AE8549F4-0194-4BF4-965F-0BD095A527EB} = {AE8549F4-0194-4BF4-965F-0BD095A527EB}
	EndProjectSection
EndProject
Project("{8BC9CEB8-8B4A-11D0-8D11-00A0C91BC942}") = "utils", "utils\utils.vcxproj", "{AE8549F4-0194-4BF4-965F-0BD095A527EB}"
EndProject
Project("{8BC9CEB8-8B4A-11D0-8D11-00A0C91BC942}") = "routes", "routes\routes.vcxproj", "{E3FCE87B-3BEB-4E57-9EA5-7815CDABF257}"
	ProjectSection(ProjectDependencies) = postProject
		{F0FAEC19-C192-49F9-95B0-C6642CBA70F8} = {F0FAEC19-C192-49F9-95B0-C6642CBA70F8}
		{1F43C6A1-D9DD-4CD8-BBBF-EFCE14B160EE} = {1F43C6A1-D9DD-4CD8-BBBF-EFCE14B160EE}
		{AE8549F4-0194-4BF4-965F-0BD095A527EB} = {AE8549F4-0194-4BF4-965F-0BD095A527EB}
	EndProjectSection
EndProject
Project("{8BC9CEB8-8B4A-11D0-8D11-00A0C91BC942}") = "DB", "DB\DB.vcxproj", "{1F43C6A1-D9DD-4CD8-BBBF-EFCE14B160EE}"
EndProject
Global
	GlobalSection(SolutionConfigurationPlatforms) = preSolution
		Debug|x64 = Debug|x64
		Debug|x86 = Debug|x86
		Release|x64 = Release|x64
		Release|x86 = Release|x86
	EndGlobalSection
	GlobalSection(ProjectConfigurationPlatforms) = postSolution
		{55B2C155-E460-40EE-B855-4D3380180C36}.Debug|x64.ActiveCfg = Debug|x64
		{55B2C155-E460-40EE-B855-4D3380180C36}.Debug|x64.Build.0 = Debug|x64
		{55B2C155-E460-40EE-B855-4D3380180C36}.Debug|x86.ActiveCfg = Debug|Win32
		{55B2C155-E460-40EE-B855-4D3380180C36}.Debug|x86.Build.0 = Debug|Win32
		{55B2C155-E460-40EE-B855-4D3380180C36}.Release|x64.ActiveCfg = Release|x64
		{55B2C155-E460-40EE-B855-4D3380180C36}.Release|x64.Build.0 = Release|x64
		{55B2C155-E460-40EE-B855-4D3380180C36}.Release|x86.ActiveCfg = Release|Win32
		{55B2C155-E460-40EE-B855-4D3380180C36}.Release|x86.Build.0 = Release|Win32
		{F0FAEC19-C192-49F9-95B0-C6642CBA70F8}.Debug|x64.ActiveCfg = Debug|x64
		{F0FAEC19-C192-49F9-95B0-C6642CBA70F8}.Debug|x64.Build.0 = Debug|x64
		{F0FAEC19-C192-49F9-95B0-C6642CBA70F8}.Debug|x86.ActiveCfg = Debug|Win32
		{F0FAEC19-C192-49F9-95B0-C6642CBA70F8}.Debug|x86.Build.0 = Debug|Win32
		{F0FAEC19-C192-49F9-95B0-C6642CBA70F8}.Release|x64.ActiveCfg = Release|x64
		{F0FAEC19-C192-49F9-95B0-C6642CBA70F8}.Release|x64.Build.0 = Release|x64
		{F0FAEC19-C192-49F9-95B0-C6642CBA70F8}.Release|x86.ActiveCfg = Release|Win32
		{F0FAEC19-C192-49F9-95B0-C6642CBA70F8}.Release|x86.Build.0 = Release|Win32
		{AE8549F4-0194-4BF4-965F-0BD095A527EB}.Debug|x64.ActiveCfg = Debug|x64
		{AE8549F4-0194-4BF4-965F-0BD095A527EB}.Debug|x64.Build.0 = Debug|x64
		{AE8549F4-0194-4BF4-965F-0BD095A527EB}.Debug|x86.ActiveCfg = Debug|Win32
		{AE8549F4-0194-4BF4-965F-0BD095A527EB}.Debug|x86.Build.0 = Debug|Win32
		{AE8549F4-0194-4BF4-965F-0BD095A527EB}.Release|x64.ActiveCfg = Release|x64
		{AE8549F4-0194-4BF4-965F-0BD095A527EB}.Release|x64.Build.0 = Release|x64
		{AE8549F4-0194-4BF4-965F-0BD095A527EB}.Release|x86.ActiveCfg = Release|Win32
		{AE8549F4-0194-4BF4-965F-0BD095A527EB}.Release|x86.Build.0 = Release|Win32
		{E3FCE87B-3BEB-4E57-9EA5-7815CDABF257}.Debug|x64.ActiveCfg = Debug|x64
		{E3FCE87B-3BEB-4E57-9EA5-7815CDABF257}.Debug|x64.Build.0 = Debug|x64
		{E3FCE87B-3BEB-4E57-9EA5-7815CDABF257}.Debug|x86.ActiveCfg = Debug|Win32
		{E3FCE87B-3BEB-4E57-9EA5-7815CDABF257}.Debug|x86.Build.0 = Debug|Win32
		{E3FCE87B-3BEB-4E57-9EA5-7815CDABF257}.Release|x64.ActiveCfg = Release|x64
		{E3FCE87B-3BEB-4E57-9EA5-7815CDABF257}.Release|x64.Build.0 = Release|x64
		{E3FCE87B-3BEB-4E57-9EA5-7815CDABF257}.Release|x86.ActiveCfg = Release|Win32
		{E3FCE87B-3BEB-4E57-9EA5-7815CDABF257}.Release|x86.Build.0 = Release|Win32
		{1F43C6A1-D9DD-4CD8-BBBF-EFCE14B160EE}.Debug|x64.ActiveCfg = Debug|x64
		{1F43C6A1-D9DD-4CD8-BBBF-EFCE14B160EE}.Debug|x64.Build.0 = Debug|x64
		{1F43C6A1-D9DD-4CD8-BBBF-EFCE14B160EE}.Debug|x86.ActiveCfg = Debug|Win32
		{1F43C6A1-D9DD-4CD8-BBBF-EFCE14B160EE}.Debug|x86.Build.0 = Debug|Win32
		{1F43C6A1-D9DD-4CD8-BBBF-EFCE14B160EE}.Release|x64.ActiveCfg = Release|x64
		{1F43C6A1-D9DD-4CD8-BBBF-EFCE14B160EE}.Release|x64.Build.0 = Release|x64
		{1F43C6A1-D9DD-4CD8-BBBF-EFCE14B160EE}.Release|x86.ActiveCfg = Release|Win32
		{1F43C6A1-D9DD-4CD8-BBBF-EFCE14B160EE}.Release|x86.Build.0 = Release|Win32
	EndGlobalSection
	GlobalSection(SolutionProperties) = preSolution
		HideSolutionNode = FALSE
	EndGlobalSection
	GlobalSection(ExtensibilityGlobals) = postSolution
		SolutionGuid = {0595C1E0-14EC-45B0-9427-CA8F2B0B44FF}
	EndGlobalSection
EndGlobal
